{
  "object": {
    "pins": [
      {
        "package": "WatsonDeveloperCloud",
        "repositoryURL": "https://github.com/watson-developer-cloud/swift-sdk",
        "state": {
          "branch": null,
          "revision": "73f2e68fcdea8d4f8c8abad2ff78311164d6d1fb",
          "version": "0.20.0"
        }
      }
    ]
  },
  "version": 1
}
